
Microsoft Visual Studio Solution File, Format Version 12.00
# Visual Studio Version 16
VisualStudioVersion = 16.0.31112.23
MinimumVisualStudioVersion = 10.0.40219.1
Project("{FAE04EC0-301F-11D3-BF4B-00C04F79EFBC}") = "Mentoring.WEB.API", "Mentoring.WEB.API\Mentoring.WEB.API.csproj", "{32224D6C-9B6F-4697-866C-EA7FA21CFB0F}"
EndProject
Global
	GlobalSection(SolutionConfigurationPlatforms) = preSolution
		Debug|Any CPU = Debug|Any CPU
		Release|Any CPU = Release|Any CPU
	EndGlobalSection
	GlobalSection(ProjectConfigurationPlatforms) = postSolution
		{32224D6C-9B6F-4697-866C-EA7FA21CFB0F}.Debug|Any CPU.ActiveCfg = Debug|Any CPU
		{32224D6C-9B6F-4697-866C-EA7FA21CFB0F}.Debug|Any CPU.Build.0 = Debug|Any CPU
		{32224D6C-9B6F-4697-866C-EA7FA21CFB0F}.Release|Any CPU.ActiveCfg = Release|Any CPU
		{32224D6C-9B6F-4697-866C-EA7FA21CFB0F}.Release|Any CPU.Build.0 = Release|Any CPU
	EndGlobalSection
	GlobalSection(SolutionProperties) = preSolution
		HideSolutionNode = FALSE
	EndGlobalSection
	GlobalSection(ExtensibilityGlobals) = postSolution
		SolutionGuid = {070FE269-395A-4414-AE15-2C6DEC7A0353}
	EndGlobalSection
EndGlobal
